
Microsoft Visual Studio Solution File, Format Version 12.00
# Visual Studio Version 17
VisualStudioVersion = 17.6.33723.286
MinimumVisualStudioVersion = 10.0.40219.1
Project("{FAE04EC0-301F-11D3-BF4B-00C04F79EFBC}") = "Algoritma10-1", "Soru10-1\Algoritma10-1.csproj", "{0F3FEB42-958E-4A95-A118-31816807BBAD}"
EndProject
Global
	GlobalSection(SolutionConfigurationPlatforms) = preSolution
		Debug|Any CPU = Debug|Any CPU
		Release|Any CPU = Release|Any CPU
	EndGlobalSection
	GlobalSection(ProjectConfigurationPlatforms) = postSolution
		{0F3FEB42-958E-4A95-A118-31816807BBAD}.Debug|Any CPU.ActiveCfg = Debug|Any CPU
		{0F3FEB42-958E-4A95-A118-31816807BBAD}.Debug|Any CPU.Build.0 = Debug|Any CPU
		{0F3FEB42-958E-4A95-A118-31816807BBAD}.Release|Any CPU.ActiveCfg = Release|Any CPU
		{0F3FEB42-958E-4A95-A118-31816807BBAD}.Release|Any CPU.Build.0 = Release|Any CPU
	EndGlobalSection
	GlobalSection(SolutionProperties) = preSolution
		HideSolutionNode = FALSE
	EndGlobalSection
	GlobalSection(ExtensibilityGlobals) = postSolution
		SolutionGuid = {15BF62DF-2F79-402F-AE32-24E52B4179ED}
	EndGlobalSection
EndGlobal
