
Microsoft Visual Studio Solution File, Format Version 12.00
# Visual Studio Version 17
VisualStudioVersion = 17.6.33829.357
MinimumVisualStudioVersion = 10.0.40219.1
Project("{FAE04EC0-301F-11D3-BF4B-00C04F79EFBC}") = "HamburgerciOtomasyonu", "HamburgerciOtomasyonu\HamburgerciOtomasyonu.csproj", "{FEE71CBE-D494-4762-BF37-D48FE0C909B6}"
EndProject
Global
	GlobalSection(SolutionConfigurationPlatforms) = preSolution
		Debug|Any CPU = Debug|Any CPU
		Release|Any CPU = Release|Any CPU
	EndGlobalSection
	GlobalSection(ProjectConfigurationPlatforms) = postSolution
		{FEE71CBE-D494-4762-BF37-D48FE0C909B6}.Debug|Any CPU.ActiveCfg = Debug|Any CPU
		{FEE71CBE-D494-4762-BF37-D48FE0C909B6}.Debug|Any CPU.Build.0 = Debug|Any CPU
		{FEE71CBE-D494-4762-BF37-D48FE0C909B6}.Release|Any CPU.ActiveCfg = Release|Any CPU
		{FEE71CBE-D494-4762-BF37-D48FE0C909B6}.Release|Any CPU.Build.0 = Release|Any CPU
	EndGlobalSection
	GlobalSection(SolutionProperties) = preSolution
		HideSolutionNode = FALSE
	EndGlobalSection
	GlobalSection(ExtensibilityGlobals) = postSolution
		SolutionGuid = {2CF34CC9-A8DE-488F-A5D6-FA0CA85C93DB}
	EndGlobalSection
EndGlobal
