
Microsoft Visual Studio Solution File, Format Version 12.00
# Visual Studio Version 17
VisualStudioVersion = 17.6.33723.286
MinimumVisualStudioVersion = 10.0.40219.1
Project("{FAE04EC0-301F-11D3-BF4B-00C04F79EFBC}") = "Algoritma12", "Algoritma12\Algoritma12.csproj", "{36DF98FE-A451-446C-BD91-B28F39B53229}"
EndProject
Global
	GlobalSection(SolutionConfigurationPlatforms) = preSolution
		Debug|Any CPU = Debug|Any CPU
		Release|Any CPU = Release|Any CPU
	EndGlobalSection
	GlobalSection(ProjectConfigurationPlatforms) = postSolution
		{36DF98FE-A451-446C-BD91-B28F39B53229}.Debug|Any CPU.ActiveCfg = Debug|Any CPU
		{36DF98FE-A451-446C-BD91-B28F39B53229}.Debug|Any CPU.Build.0 = Debug|Any CPU
		{36DF98FE-A451-446C-BD91-B28F39B53229}.Release|Any CPU.ActiveCfg = Release|Any CPU
		{36DF98FE-A451-446C-BD91-B28F39B53229}.Release|Any CPU.Build.0 = Release|Any CPU
	EndGlobalSection
	GlobalSection(SolutionProperties) = preSolution
		HideSolutionNode = FALSE
	EndGlobalSection
	GlobalSection(ExtensibilityGlobals) = postSolution
		SolutionGuid = {B5BE44E5-7747-4B62-9EA2-1077A706C7D8}
	EndGlobalSection
EndGlobal
