
Microsoft Visual Studio Solution File, Format Version 12.00
# Visual Studio Version 17
VisualStudioVersion = 17.3.32929.385
MinimumVisualStudioVersion = 10.0.40219.1
Project("{FAE04EC0-301F-11D3-BF4B-00C04F79EFBC}") = "HastaneOtomasyon", "HastaneOtomasyon\HastaneOtomasyon.csproj", "{152D6BBE-354B-4DBC-B789-35F6E6B04A6A}"
EndProject
Global
	GlobalSection(SolutionConfigurationPlatforms) = preSolution
		Debug|Any CPU = Debug|Any CPU
		Release|Any CPU = Release|Any CPU
	EndGlobalSection
	GlobalSection(ProjectConfigurationPlatforms) = postSolution
		{152D6BBE-354B-4DBC-B789-35F6E6B04A6A}.Debug|Any CPU.ActiveCfg = Debug|Any CPU
		{152D6BBE-354B-4DBC-B789-35F6E6B04A6A}.Debug|Any CPU.Build.0 = Debug|Any CPU
		{152D6BBE-354B-4DBC-B789-35F6E6B04A6A}.Release|Any CPU.ActiveCfg = Release|Any CPU
		{152D6BBE-354B-4DBC-B789-35F6E6B04A6A}.Release|Any CPU.Build.0 = Release|Any CPU
	EndGlobalSection
	GlobalSection(SolutionProperties) = preSolution
		HideSolutionNode = FALSE
	EndGlobalSection
	GlobalSection(ExtensibilityGlobals) = postSolution
		SolutionGuid = {4C25B62C-5C42-4E06-BE56-01263B0E682F}
	EndGlobalSection
EndGlobal
