
Microsoft Visual Studio Solution File, Format Version 12.00
# Visual Studio Version 17
VisualStudioVersion = 17.6.33723.286
MinimumVisualStudioVersion = 10.0.40219.1
Project("{FAE04EC0-301F-11D3-BF4B-00C04F79EFBC}") = "Algoritma3", "Soru3\Algoritma3.csproj", "{2F483E41-F6FB-4117-BC99-1209727C84C7}"
EndProject
Global
	GlobalSection(SolutionConfigurationPlatforms) = preSolution
		Debug|Any CPU = Debug|Any CPU
		Release|Any CPU = Release|Any CPU
	EndGlobalSection
	GlobalSection(ProjectConfigurationPlatforms) = postSolution
		{2F483E41-F6FB-4117-BC99-1209727C84C7}.Debug|Any CPU.ActiveCfg = Debug|Any CPU
		{2F483E41-F6FB-4117-BC99-1209727C84C7}.Debug|Any CPU.Build.0 = Debug|Any CPU
		{2F483E41-F6FB-4117-BC99-1209727C84C7}.Release|Any CPU.ActiveCfg = Release|Any CPU
		{2F483E41-F6FB-4117-BC99-1209727C84C7}.Release|Any CPU.Build.0 = Release|Any CPU
	EndGlobalSection
	GlobalSection(SolutionProperties) = preSolution
		HideSolutionNode = FALSE
	EndGlobalSection
	GlobalSection(ExtensibilityGlobals) = postSolution
		SolutionGuid = {873A2BE4-223D-4C4D-AADE-4AD2BEC105A7}
	EndGlobalSection
EndGlobal
